
Microsoft Visual Studio Solution File, Format Version 12.00
# Visual Studio Version 17
VisualStudioVersion = 17.0.31903.59
MinimumVisualStudioVersion = 10.0.40219.1
Project("{FAE04EC0-301F-11D3-BF4B-00C04F79EFBC}") = "Tyuiu.VorobevAD.Sprint5.Task0.V1", "Tyuiu.VorobevAD.Sprint5.Task0.V1\Tyuiu.VorobevAD.Sprint5.Task0.V1.csproj", "{E803CBDE-5D8A-41F7-B99D-87F9709F46A7}"
EndProject
Project("{FAE04EC0-301F-11D3-BF4B-00C04F79EFBC}") = "Tyuiu.VorobevAD.Sprint5.Task0.V1.Lib", "Tyuiu.VorobevAD.Sprint5.Task0.V1.Lib\Tyuiu.VorobevAD.Sprint5.Task0.V1.Lib.csproj", "{DD1DB78B-C46B-48BA-AEBC-8D8B579B8727}"
EndProject
Project("{FAE04EC0-301F-11D3-BF4B-00C04F79EFBC}") = "Tyuiu.VorobevAD.Sprint5.Task1.V27.Lib", "Tyuiu.VorobevAD.Sprint5.Task1.V27.Lib\Tyuiu.VorobevAD.Sprint5.Task1.V27.Lib.csproj", "{8B556A06-6B41-41F8-829F-E5963955FE95}"
EndProject
Project("{FAE04EC0-301F-11D3-BF4B-00C04F79EFBC}") = "Tyuiu.VorobevAD.Sprint5.Task2.17.Lib", "Tyuiu.VorobevAD.Sprint5.Task2.17.Lib\Tyuiu.VorobevAD.Sprint5.Task2.17.Lib.csproj", "{6010B481-91A7-4917-875C-DC65DCDD1C1D}"
EndProject
Project("{FAE04EC0-301F-11D3-BF4B-00C04F79EFBC}") = "Tyuiu.VorobevAD.Sprint5.Task2.V17.Lib", "Tyuiu.VorobevAD.Sprint5.Task2.V17.Lib\Tyuiu.VorobevAD.Sprint5.Task2.V17.Lib.csproj", "{7DC20744-D4FB-4A55-A095-ED1AA57EB1F1}"
EndProject
Project("{FAE04EC0-301F-11D3-BF4B-00C04F79EFBC}") = "Tyuiu.VorobevAD.Sprint5.Task3.V1.Lib", "Tyuiu.VorobevAD.Sprint5.Task3.V1.Lib\Tyuiu.VorobevAD.Sprint5.Task3.V1.Lib.csproj", "{8BE71403-3917-4D98-8A7E-2F0A75EBA953}"
EndProject
Project("{FAE04EC0-301F-11D3-BF4B-00C04F79EFBC}") = "Tyuiu.VorobevAD.Sprint5.Task3.V1", "Tyuiu.VorobevAD.Sprint5.Task3.V1\Tyuiu.VorobevAD.Sprint5.Task3.V1.csproj", "{58255259-3FFB-49CB-818E-397C4E55A274}"
EndProject
Project("{FAE04EC0-301F-11D3-BF4B-00C04F79EFBC}") = "Tyuiu.VorobevAD.Sprint5.Task4.V22.Lib", "Tyuiu.VorobevAD.Sprint5.Task4.V22.Lib\Tyuiu.VorobevAD.Sprint5.Task4.V22.Lib.csproj", "{6327C174-B704-4BFF-966C-76B0FB1E3BB8}"
EndProject
Project("{FAE04EC0-301F-11D3-BF4B-00C04F79EFBC}") = "Tyuiu.VorobevAD.Sprint5.Task5.V8.Lib", "Tyuiu.VorobevAD.Sprint5.Task5.V8.Lib\Tyuiu.VorobevAD.Sprint5.Task5.V8.Lib.csproj", "{80ED68AD-EABB-43B3-8A25-71D9341DD686}"
EndProject
Global
	GlobalSection(SolutionConfigurationPlatforms) = preSolution
		Debug|Any CPU = Debug|Any CPU
		Release|Any CPU = Release|Any CPU
	EndGlobalSection
	GlobalSection(SolutionProperties) = preSolution
		HideSolutionNode = FALSE
	EndGlobalSection
	GlobalSection(ProjectConfigurationPlatforms) = postSolution
		{E803CBDE-5D8A-41F7-B99D-87F9709F46A7}.Debug|Any CPU.ActiveCfg = Debug|Any CPU
		{E803CBDE-5D8A-41F7-B99D-87F9709F46A7}.Debug|Any CPU.Build.0 = Debug|Any CPU
		{E803CBDE-5D8A-41F7-B99D-87F9709F46A7}.Release|Any CPU.ActiveCfg = Release|Any CPU
		{E803CBDE-5D8A-41F7-B99D-87F9709F46A7}.Release|Any CPU.Build.0 = Release|Any CPU
		{DD1DB78B-C46B-48BA-AEBC-8D8B579B8727}.Debug|Any CPU.ActiveCfg = Debug|Any CPU
		{DD1DB78B-C46B-48BA-AEBC-8D8B579B8727}.Debug|Any CPU.Build.0 = Debug|Any CPU
		{DD1DB78B-C46B-48BA-AEBC-8D8B579B8727}.Release|Any CPU.ActiveCfg = Release|Any CPU
		{DD1DB78B-C46B-48BA-AEBC-8D8B579B8727}.Release|Any CPU.Build.0 = Release|Any CPU
		{8B556A06-6B41-41F8-829F-E5963955FE95}.Debug|Any CPU.ActiveCfg = Debug|Any CPU
		{8B556A06-6B41-41F8-829F-E5963955FE95}.Debug|Any CPU.Build.0 = Debug|Any CPU
		{8B556A06-6B41-41F8-829F-E5963955FE95}.Release|Any CPU.ActiveCfg = Release|Any CPU
		{8B556A06-6B41-41F8-829F-E5963955FE95}.Release|Any CPU.Build.0 = Release|Any CPU
		{6010B481-91A7-4917-875C-DC65DCDD1C1D}.Debug|Any CPU.ActiveCfg = Debug|Any CPU
		{6010B481-91A7-4917-875C-DC65DCDD1C1D}.Debug|Any CPU.Build.0 = Debug|Any CPU
		{6010B481-91A7-4917-875C-DC65DCDD1C1D}.Release|Any CPU.ActiveCfg = Release|Any CPU
		{6010B481-91A7-4917-875C-DC65DCDD1C1D}.Release|Any CPU.Build.0 = Release|Any CPU
		{7DC20744-D4FB-4A55-A095-ED1AA57EB1F1}.Debug|Any CPU.ActiveCfg = Debug|Any CPU
		{7DC20744-D4FB-4A55-A095-ED1AA57EB1F1}.Debug|Any CPU.Build.0 = Debug|Any CPU
		{7DC20744-D4FB-4A55-A095-ED1AA57EB1F1}.Release|Any CPU.ActiveCfg = Release|Any CPU
		{7DC20744-D4FB-4A55-A095-ED1AA57EB1F1}.Release|Any CPU.Build.0 = Release|Any CPU
		{8BE71403-3917-4D98-8A7E-2F0A75EBA953}.Debug|Any CPU.ActiveCfg = Debug|Any CPU
		{8BE71403-3917-4D98-8A7E-2F0A75EBA953}.Debug|Any CPU.Build.0 = Debug|Any CPU
		{8BE71403-3917-4D98-8A7E-2F0A75EBA953}.Release|Any CPU.ActiveCfg = Release|Any CPU
		{8BE71403-3917-4D98-8A7E-2F0A75EBA953}.Release|Any CPU.Build.0 = Release|Any CPU
		{58255259-3FFB-49CB-818E-397C4E55A274}.Debug|Any CPU.ActiveCfg = Debug|Any CPU
		{58255259-3FFB-49CB-818E-397C4E55A274}.Debug|Any CPU.Build.0 = Debug|Any CPU
		{58255259-3FFB-49CB-818E-397C4E55A274}.Release|Any CPU.ActiveCfg = Release|Any CPU
		{58255259-3FFB-49CB-818E-397C4E55A274}.Release|Any CPU.Build.0 = Release|Any CPU
		{6327C174-B704-4BFF-966C-76B0FB1E3BB8}.Debug|Any CPU.ActiveCfg = Debug|Any CPU
		{6327C174-B704-4BFF-966C-76B0FB1E3BB8}.Debug|Any CPU.Build.0 = Debug|Any CPU
		{6327C174-B704-4BFF-966C-76B0FB1E3BB8}.Release|Any CPU.ActiveCfg = Release|Any CPU
		{6327C174-B704-4BFF-966C-76B0FB1E3BB8}.Release|Any CPU.Build.0 = Release|Any CPU
		{80ED68AD-EABB-43B3-8A25-71D9341DD686}.Debug|Any CPU.ActiveCfg = Debug|Any CPU
		{80ED68AD-EABB-43B3-8A25-71D9341DD686}.Debug|Any CPU.Build.0 = Debug|Any CPU
		{80ED68AD-EABB-43B3-8A25-71D9341DD686}.Release|Any CPU.ActiveCfg = Release|Any CPU
		{80ED68AD-EABB-43B3-8A25-71D9341DD686}.Release|Any CPU.Build.0 = Release|Any CPU
	EndGlobalSection
EndGlobal
